{
  "name": "obniz",
  "version": "0.1.11",
  "lockfileVersion": 1,
  "dependencies": {
    "assertion-error": {
      "version": "1.1.0",
      "resolved": "https://registry.npmjs.org/assertion-error/-/assertion-error-1.1.0.tgz",
      "integrity": "sha512-jgsaNduz+ndvGyFt3uSuWqvy4lCnIJiovtouQN5JZHOKCS2QuhEdbcQHFhVksz2N2U9hXJo8odG7ETyWlEeuDw=="
    },
    "balanced-match": {
      "version": "1.0.0",
      "resolved": "https://registry.npmjs.org/balanced-match/-/balanced-match-1.0.0.tgz",
      "integrity": "sha1-ibTRmasr7kneFk6gK4nORi1xt2c="
    },
    "brace-expansion": {
      "version": "1.1.8",
      "resolved": "https://registry.npmjs.org/brace-expansion/-/brace-expansion-1.1.8.tgz",
      "integrity": "sha1-wHshHHyVLsH479Uad+8NHTmQopI="
    },
    "browser-stdout": {
      "version": "1.3.0",
      "resolved": "https://registry.npmjs.org/browser-stdout/-/browser-stdout-1.3.0.tgz",
      "integrity": "sha1-81HTKWnTL6XXpVZxVCY9korjvR8="
    },
    "callsite": {
      "version": "1.0.0",
      "resolved": "https://registry.npmjs.org/callsite/-/callsite-1.0.0.tgz",
      "integrity": "sha1-KAOY5dZkvXQDi28JBRU+borxvCA="
    },
    "chai": {
      "version": "4.1.2",
      "resolved": "https://registry.npmjs.org/chai/-/chai-4.1.2.tgz",
      "integrity": "sha1-D2RYS6ZC8PKs4oBiefTwbKI61zw="
    },
    "chai-like": {
      "version": "1.1.1",
      "resolved": "https://registry.npmjs.org/chai-like/-/chai-like-1.1.1.tgz",
      "integrity": "sha512-VKa9z/SnhXhkT1zIjtPACFWSoWsqVoaz1Vg+ecrKo5DCKVlgL30F/pEyEvXPBOVwCgLZcWUleCM/C1okaKdTTA=="
    },
    "check-error": {
      "version": "1.0.2",
      "resolved": "https://registry.npmjs.org/check-error/-/check-error-1.0.2.tgz",
      "integrity": "sha1-V00xLt2Iu13YkS6Sht1sCu1KrII="
    },
    "commander": {
      "version": "2.11.0",
      "resolved": "https://registry.npmjs.org/commander/-/commander-2.11.0.tgz",
      "integrity": "sha512-b0553uYA5YAEGgyYIGYROzKQ7X5RAqedkfjiZxwi0kL1g3bOaBNNZfYkzt/CL0umgD5wc9Jec2FbB98CjkMRvQ=="
    },
    "concat-map": {
      "version": "0.0.1",
      "resolved": "https://registry.npmjs.org/concat-map/-/concat-map-0.0.1.tgz",
      "integrity": "sha1-2Klr13/Wjfd5OnMDajug1UBdR3s="
    },
    "debug": {
      "version": "3.1.0",
      "resolved": "https://registry.npmjs.org/debug/-/debug-3.1.0.tgz",
      "integrity": "sha512-OX8XqP7/1a9cqkxYw2yXss15f26NKWBpDXQd0/uK/KPqdQhxbPa994hnzjcE2VqQpDslf55723cKPUOGSmMY3g=="
    },
    "deep-eql": {
      "version": "3.0.1",
      "resolved": "https://registry.npmjs.org/deep-eql/-/deep-eql-3.0.1.tgz",
      "integrity": "sha512-+QeIQyN5ZuO+3Uk5DYh6/1eKO0m0YmJFGNmFHGACpf1ClL1nmlV/p4gNgbl2pJGxgXb4faqo6UE+M5ACEMyVcw=="
    },
    "diff": {
      "version": "3.3.1",
      "resolved": "https://registry.npmjs.org/diff/-/diff-3.3.1.tgz",
      "integrity": "sha512-MKPHZDMB0o6yHyDryUOScqZibp914ksXwAMYMTHj6KO8UeKsRYNJD3oNCKjTqZon+V488P7N/HzXF8t7ZR95ww=="
    },
    "escape-string-regexp": {
      "version": "1.0.5",
      "resolved": "https://registry.npmjs.org/escape-string-regexp/-/escape-string-regexp-1.0.5.tgz",
      "integrity": "sha1-G2HAViGQqN/2rjuyzwIAyhMLhtQ="
    },
    "formatio": {
      "version": "1.2.0",
      "resolved": "https://registry.npmjs.org/formatio/-/formatio-1.2.0.tgz",
      "integrity": "sha1-87IWfZBoxGmKjVH092CjmlTYGOs="
    },
    "fs.realpath": {
      "version": "1.0.0",
      "resolved": "https://registry.npmjs.org/fs.realpath/-/fs.realpath-1.0.0.tgz",
      "integrity": "sha1-FQStJSMVjKpA20onh8sBQRmU6k8="
    },
    "get-func-name": {
      "version": "2.0.0",
      "resolved": "https://registry.npmjs.org/get-func-name/-/get-func-name-2.0.0.tgz",
      "integrity": "sha1-6td0q+5y4gQJQzoGY2YCPdaIekE="
    },
    "get-port": {
      "version": "3.2.0",
      "resolved": "https://registry.npmjs.org/get-port/-/get-port-3.2.0.tgz",
      "integrity": "sha1-3Xzn3hh8Bsi/NTeWrHHgmfCYDrw="
    },
    "glob": {
      "version": "7.1.2",
      "resolved": "https://registry.npmjs.org/glob/-/glob-7.1.2.tgz",
      "integrity": "sha512-MJTUg1kjuLeQCJ+ccE4Vpa6kKVXkPYJ2mOCQyUuKLcLQsdrMCpBPUi8qVE6+YuaJkozeA9NusTAw3hLr8Xe5EQ=="
    },
    "growl": {
      "version": "1.10.3",
      "resolved": "https://registry.npmjs.org/growl/-/growl-1.10.3.tgz",
      "integrity": "sha512-hKlsbA5Vu3xsh1Cg3J7jSmX/WaW6A5oBeqzM88oNbCRQFz+zUaXm6yxS4RVytp1scBoJzSYl4YAEOQIt6O8V1Q=="
    },
    "has-flag": {
      "version": "2.0.0",
      "resolved": "https://registry.npmjs.org/has-flag/-/has-flag-2.0.0.tgz",
      "integrity": "sha1-6CB68cx7MNRGzHC3NLXovhj4jVE="
    },
    "he": {
      "version": "1.1.1",
      "resolved": "https://registry.npmjs.org/he/-/he-1.1.1.tgz",
      "integrity": "sha1-k0EP0hsAlzUVH4howvJx80J+I/0="
    },
    "inflight": {
      "version": "1.0.6",
      "resolved": "https://registry.npmjs.org/inflight/-/inflight-1.0.6.tgz",
      "integrity": "sha1-Sb1jMdfQLQwJvJEKEHW6gWW1bfk="
    },
    "inherits": {
      "version": "2.0.3",
      "resolved": "https://registry.npmjs.org/inherits/-/inherits-2.0.3.tgz",
      "integrity": "sha1-Yzwsg+PaQqUC9SRmAiSA9CCCYd4="
    },
    "isarray": {
      "version": "0.0.1",
      "resolved": "https://registry.npmjs.org/isarray/-/isarray-0.0.1.tgz",
      "integrity": "sha1-ihis/Kmo9Bd+Cav8YDiTmwXR7t8="
    },
    "just-extend": {
      "version": "1.1.27",
      "resolved": "https://registry.npmjs.org/just-extend/-/just-extend-1.1.27.tgz",
      "integrity": "sha512-mJVp13Ix6gFo3SBAy9U/kL+oeZqzlYYYLQBwXVBlVzIsZwBqGREnOro24oC/8s8aox+rJhtZ2DiQof++IrkA+g=="
    },
    "lodash.get": {
      "version": "4.4.2",
      "resolved": "https://registry.npmjs.org/lodash.get/-/lodash.get-4.4.2.tgz",
      "integrity": "sha1-LRd/ZS+jHpObRDjVNBSZ36OCXpk="
    },
    "lolex": {
      "version": "2.3.1",
      "resolved": "https://registry.npmjs.org/lolex/-/lolex-2.3.1.tgz",
      "integrity": "sha512-mQuW55GhduF3ppo+ZRUTz1PRjEh1hS5BbqU7d8D0ez2OKxHDod7StPPeAVKisZR5aLkHZjdGWSL42LSONUJsZw=="
    },
    "minimatch": {
      "version": "3.0.4",
      "resolved": "https://registry.npmjs.org/minimatch/-/minimatch-3.0.4.tgz",
      "integrity": "sha512-yJHVQEhyqPLUTgt9B83PXu6W3rx4MvvHvSUvToogpwoGDOUQ+yDrR0HRot+yOCdCO7u4hX3pWft6kWBBcqh0UA=="
    },
    "minimist": {
      "version": "0.0.8",
      "resolved": "https://registry.npmjs.org/minimist/-/minimist-0.0.8.tgz",
      "integrity": "sha1-hX/Kv8M5fSYluCKCYuhqp6ARsF0="
    },
    "mkdirp": {
      "version": "0.5.1",
      "resolved": "https://registry.npmjs.org/mkdirp/-/mkdirp-0.5.1.tgz",
      "integrity": "sha1-MAV0OOrGz3+MR2fzhkjWaX11yQM="
    },
    "mocha": {
      "version": "5.0.0",
      "resolved": "https://registry.npmjs.org/mocha/-/mocha-5.0.0.tgz",
      "integrity": "sha512-ukB2dF+u4aeJjc6IGtPNnJXfeby5d4ZqySlIBT0OEyva/DrMjVm5HkQxKnHDLKEfEQBsEnwTg9HHhtPHJdTd8w=="
    },
    "mocha-directory": {
      "version": "2.3.0",
      "resolved": "https://registry.npmjs.org/mocha-directory/-/mocha-directory-2.3.0.tgz",
      "integrity": "sha1-dru1/kcV7aIdt2oVCFpEwVdQg+s="
    },
    "mocha-sinon": {
      "version": "2.0.0",
      "resolved": "https://registry.npmjs.org/mocha-sinon/-/mocha-sinon-2.0.0.tgz",
      "integrity": "sha1-cjqTEOfXN9e3fHpmghI3QlsDLUg="
    },
    "ms": {
      "version": "2.0.0",
      "resolved": "https://registry.npmjs.org/ms/-/ms-2.0.0.tgz",
      "integrity": "sha1-VgiurfwAvmwpAd9fmGF4jeDVl8g="
    },
    "nise": {
      "version": "1.2.0",
      "resolved": "https://registry.npmjs.org/nise/-/nise-1.2.0.tgz",
      "integrity": "sha512-q9jXh3UNsMV28KeqI43ILz5+c3l+RiNW8mhurEwCKckuHQbL+hTJIKKTiUlCPKlgQ/OukFvSnKB/Jk3+sFbkGA==",
      "dependencies": {
        "lolex": {
          "version": "1.6.0",
          "resolved": "https://registry.npmjs.org/lolex/-/lolex-1.6.0.tgz",
          "integrity": "sha1-OpoCg0UqR9dDnnJzG54H1zhuSfY="
        }
      }
    },
    "nyc": {
      "version": "11.4.1",
      "resolved": "https://registry.npmjs.org/nyc/-/nyc-11.4.1.tgz",
      "integrity": "sha512-5eCZpvaksFVjP2rt1r60cfXmt3MUtsQDw8bAzNqNEr4WLvUMLgiVENMf/B9bE9YAX0mGVvaGA3v9IS9ekNqB1Q==",
      "dependencies": {
        "align-text": {
          "version": "0.1.4",
          "bundled": true
        },
        "amdefine": {
          "version": "1.0.1",
          "bundled": true
        },
        "ansi-regex": {
          "version": "2.1.1",
          "bundled": true
        },
        "ansi-styles": {
          "version": "2.2.1",
          "bundled": true
        },
        "append-transform": {
          "version": "0.4.0",
          "bundled": true
        },
        "archy": {
          "version": "1.0.0",
          "bundled": true
        },
        "arr-diff": {
          "version": "2.0.0",
          "bundled": true
        },
        "arr-flatten": {
          "version": "1.1.0",
          "bundled": true
        },
        "array-unique": {
          "version": "0.2.1",
          "bundled": true
        },
        "arrify": {
          "version": "1.0.1",
          "bundled": true
        },
        "async": {
          "version": "1.5.2",
          "bundled": true
        },
        "babel-code-frame": {
          "version": "6.26.0",
          "bundled": true
        },
        "babel-generator": {
          "version": "6.26.0",
          "bundled": true
        },
        "babel-messages": {
          "version": "6.23.0",
          "bundled": true
        },
        "babel-runtime": {
          "version": "6.26.0",
          "bundled": true
        },
        "babel-template": {
          "version": "6.26.0",
          "bundled": true
        },
        "babel-traverse": {
          "version": "6.26.0",
          "bundled": true
        },
        "babel-types": {
          "version": "6.26.0",
          "bundled": true
        },
        "babylon": {
          "version": "6.18.0",
          "bundled": true
        },
        "balanced-match": {
          "version": "1.0.0",
          "bundled": true
        },
        "brace-expansion": {
          "version": "1.1.8",
          "bundled": true
        },
        "braces": {
          "version": "1.8.5",
          "bundled": true
        },
        "builtin-modules": {
          "version": "1.1.1",
          "bundled": true
        },
        "caching-transform": {
          "version": "1.0.1",
          "bundled": true
        },
        "camelcase": {
          "version": "1.2.1",
          "bundled": true,
          "optional": true
        },
        "center-align": {
          "version": "0.1.3",
          "bundled": true,
          "optional": true
        },
        "chalk": {
          "version": "1.1.3",
          "bundled": true
        },
        "cliui": {
          "version": "2.1.0",
          "bundled": true,
          "optional": true,
          "dependencies": {
            "wordwrap": {
              "version": "0.0.2",
              "bundled": true,
              "optional": true
            }
          }
        },
        "code-point-at": {
          "version": "1.1.0",
          "bundled": true
        },
        "commondir": {
          "version": "1.0.1",
          "bundled": true
        },
        "concat-map": {
          "version": "0.0.1",
          "bundled": true
        },
        "convert-source-map": {
          "version": "1.5.1",
          "bundled": true
        },
        "core-js": {
          "version": "2.5.3",
          "bundled": true
        },
        "cross-spawn": {
          "version": "4.0.2",
          "bundled": true
        },
        "debug": {
          "version": "2.6.9",
          "bundled": true
        },
        "debug-log": {
          "version": "1.0.1",
          "bundled": true
        },
        "decamelize": {
          "version": "1.2.0",
          "bundled": true
        },
        "default-require-extensions": {
          "version": "1.0.0",
          "bundled": true
        },
        "detect-indent": {
          "version": "4.0.0",
          "bundled": true
        },
        "error-ex": {
          "version": "1.3.1",
          "bundled": true
        },
        "escape-string-regexp": {
          "version": "1.0.5",
          "bundled": true
        },
        "esutils": {
          "version": "2.0.2",
          "bundled": true
        },
        "execa": {
          "version": "0.7.0",
          "bundled": true,
          "dependencies": {
            "cross-spawn": {
              "version": "5.1.0",
              "bundled": true
            }
          }
        },
        "expand-brackets": {
          "version": "0.1.5",
          "bundled": true
        },
        "expand-range": {
          "version": "1.8.2",
          "bundled": true
        },
        "extglob": {
          "version": "0.3.2",
          "bundled": true
        },
        "filename-regex": {
          "version": "2.0.1",
          "bundled": true
        },
        "fill-range": {
          "version": "2.2.3",
          "bundled": true
        },
        "find-cache-dir": {
          "version": "0.1.1",
          "bundled": true
        },
        "find-up": {
          "version": "2.1.0",
          "bundled": true
        },
        "for-in": {
          "version": "1.0.2",
          "bundled": true
        },
        "for-own": {
          "version": "0.1.5",
          "bundled": true
        },
        "foreground-child": {
          "version": "1.5.6",
          "bundled": true
        },
        "fs.realpath": {
          "version": "1.0.0",
          "bundled": true
        },
        "get-caller-file": {
          "version": "1.0.2",
          "bundled": true
        },
        "get-stream": {
          "version": "3.0.0",
          "bundled": true
        },
        "glob": {
          "version": "7.1.2",
          "bundled": true
        },
        "glob-base": {
          "version": "0.3.0",
          "bundled": true
        },
        "glob-parent": {
          "version": "2.0.0",
          "bundled": true
        },
        "globals": {
          "version": "9.18.0",
          "bundled": true
        },
        "graceful-fs": {
          "version": "4.1.11",
          "bundled": true
        },
        "handlebars": {
          "version": "4.0.11",
          "bundled": true,
          "dependencies": {
            "source-map": {
              "version": "0.4.4",
              "bundled": true
            }
          }
        },
        "has-ansi": {
          "version": "2.0.0",
          "bundled": true
        },
        "has-flag": {
          "version": "1.0.0",
          "bundled": true
        },
        "hosted-git-info": {
          "version": "2.5.0",
          "bundled": true
        },
        "imurmurhash": {
          "version": "0.1.4",
          "bundled": true
        },
        "inflight": {
          "version": "1.0.6",
          "bundled": true
        },
        "inherits": {
          "version": "2.0.3",
          "bundled": true
        },
        "invariant": {
          "version": "2.2.2",
          "bundled": true
        },
        "invert-kv": {
          "version": "1.0.0",
          "bundled": true
        },
        "is-arrayish": {
          "version": "0.2.1",
          "bundled": true
        },
        "is-buffer": {
          "version": "1.1.6",
          "bundled": true
        },
        "is-builtin-module": {
          "version": "1.0.0",
          "bundled": true
        },
        "is-dotfile": {
          "version": "1.0.3",
          "bundled": true
        },
        "is-equal-shallow": {
          "version": "0.1.3",
          "bundled": true
        },
        "is-extendable": {
          "version": "0.1.1",
          "bundled": true
        },
        "is-extglob": {
          "version": "1.0.0",
          "bundled": true
        },
        "is-finite": {
          "version": "1.0.2",
          "bundled": true
        },
        "is-fullwidth-code-point": {
          "version": "1.0.0",
          "bundled": true
        },
        "is-glob": {
          "version": "2.0.1",
          "bundled": true
        },
        "is-number": {
          "version": "2.1.0",
          "bundled": true
        },
        "is-posix-bracket": {
          "version": "0.1.1",
          "bundled": true
        },
        "is-primitive": {
          "version": "2.0.0",
          "bundled": true
        },
        "is-stream": {
          "version": "1.1.0",
          "bundled": true
        },
        "is-utf8": {
          "version": "0.2.1",
          "bundled": true
        },
        "isarray": {
          "version": "1.0.0",
          "bundled": true
        },
        "isexe": {
          "version": "2.0.0",
          "bundled": true
        },
        "isobject": {
          "version": "2.1.0",
          "bundled": true
        },
        "istanbul-lib-coverage": {
          "version": "1.1.1",
          "bundled": true
        },
        "istanbul-lib-hook": {
          "version": "1.1.0",
          "bundled": true
        },
        "istanbul-lib-instrument": {
          "version": "1.9.1",
          "bundled": true
        },
        "istanbul-lib-report": {
          "version": "1.1.2",
          "bundled": true,
          "dependencies": {
            "supports-color": {
              "version": "3.2.3",
              "bundled": true
            }
          }
        },
        "istanbul-lib-source-maps": {
          "version": "1.2.2",
          "bundled": true,
          "dependencies": {
            "debug": {
              "version": "3.1.0",
              "bundled": true
            }
          }
        },
        "istanbul-reports": {
          "version": "1.1.3",
          "bundled": true
        },
        "js-tokens": {
          "version": "3.0.2",
          "bundled": true
        },
        "jsesc": {
          "version": "1.3.0",
          "bundled": true
        },
        "kind-of": {
          "version": "3.2.2",
          "bundled": true
        },
        "lazy-cache": {
          "version": "1.0.4",
          "bundled": true,
          "optional": true
        },
        "lcid": {
          "version": "1.0.0",
          "bundled": true
        },
        "load-json-file": {
          "version": "1.1.0",
          "bundled": true
        },
        "locate-path": {
          "version": "2.0.0",
          "bundled": true,
          "dependencies": {
            "path-exists": {
              "version": "3.0.0",
              "bundled": true
            }
          }
        },
        "lodash": {
          "version": "4.17.4",
          "bundled": true
        },
        "longest": {
          "version": "1.0.1",
          "bundled": true
        },
        "loose-envify": {
          "version": "1.3.1",
          "bundled": true
        },
        "lru-cache": {
          "version": "4.1.1",
          "bundled": true
        },
        "md5-hex": {
          "version": "1.3.0",
          "bundled": true
        },
        "md5-o-matic": {
          "version": "0.1.1",
          "bundled": true
        },
        "mem": {
          "version": "1.1.0",
          "bundled": true
        },
        "merge-source-map": {
          "version": "1.0.4",
          "bundled": true
        },
        "micromatch": {
          "version": "2.3.11",
          "bundled": true
        },
        "mimic-fn": {
          "version": "1.1.0",
          "bundled": true
        },
        "minimatch": {
          "version": "3.0.4",
          "bundled": true
        },
        "minimist": {
          "version": "0.0.8",
          "bundled": true
        },
        "mkdirp": {
          "version": "0.5.1",
          "bundled": true
        },
        "ms": {
          "version": "2.0.0",
          "bundled": true
        },
        "normalize-package-data": {
          "version": "2.4.0",
          "bundled": true
        },
        "normalize-path": {
          "version": "2.1.1",
          "bundled": true
        },
        "npm-run-path": {
          "version": "2.0.2",
          "bundled": true
        },
        "number-is-nan": {
          "version": "1.0.1",
          "bundled": true
        },
        "object-assign": {
          "version": "4.1.1",
          "bundled": true
        },
        "object.omit": {
          "version": "2.0.1",
          "bundled": true
        },
        "once": {
          "version": "1.4.0",
          "bundled": true
        },
        "optimist": {
          "version": "0.6.1",
          "bundled": true
        },
        "os-homedir": {
          "version": "1.0.2",
          "bundled": true
        },
        "os-locale": {
          "version": "2.1.0",
          "bundled": true
        },
        "p-finally": {
          "version": "1.0.0",
          "bundled": true
        },
        "p-limit": {
          "version": "1.1.0",
          "bundled": true
        },
        "p-locate": {
          "version": "2.0.0",
          "bundled": true
        },
        "parse-glob": {
          "version": "3.0.4",
          "bundled": true
        },
        "parse-json": {
          "version": "2.2.0",
          "bundled": true
        },
        "path-exists": {
          "version": "2.1.0",
          "bundled": true
        },
        "path-is-absolute": {
          "version": "1.0.1",
          "bundled": true
        },
        "path-key": {
          "version": "2.0.1",
          "bundled": true
        },
        "path-parse": {
          "version": "1.0.5",
          "bundled": true
        },
        "path-type": {
          "version": "1.1.0",
          "bundled": true
        },
        "pify": {
          "version": "2.3.0",
          "bundled": true
        },
        "pinkie": {
          "version": "2.0.4",
          "bundled": true
        },
        "pinkie-promise": {
          "version": "2.0.1",
          "bundled": true
        },
        "pkg-dir": {
          "version": "1.0.0",
          "bundled": true,
          "dependencies": {
            "find-up": {
              "version": "1.1.2",
              "bundled": true
            }
          }
        },
        "preserve": {
          "version": "0.2.0",
          "bundled": true
        },
        "pseudomap": {
          "version": "1.0.2",
          "bundled": true
        },
        "randomatic": {
          "version": "1.1.7",
          "bundled": true,
          "dependencies": {
            "is-number": {
              "version": "3.0.0",
              "bundled": true,
              "dependencies": {
                "kind-of": {
                  "version": "3.2.2",
                  "bundled": true
                }
              }
            },
            "kind-of": {
              "version": "4.0.0",
              "bundled": true
            }
          }
        },
        "read-pkg": {
          "version": "1.1.0",
          "bundled": true
        },
        "read-pkg-up": {
          "version": "1.0.1",
          "bundled": true,
          "dependencies": {
            "find-up": {
              "version": "1.1.2",
              "bundled": true
            }
          }
        },
        "regenerator-runtime": {
          "version": "0.11.1",
          "bundled": true
        },
        "regex-cache": {
          "version": "0.4.4",
          "bundled": true
        },
        "remove-trailing-separator": {
          "version": "1.1.0",
          "bundled": true
        },
        "repeat-element": {
          "version": "1.1.2",
          "bundled": true
        },
        "repeat-string": {
          "version": "1.6.1",
          "bundled": true
        },
        "repeating": {
          "version": "2.0.1",
          "bundled": true
        },
        "require-directory": {
          "version": "2.1.1",
          "bundled": true
        },
        "require-main-filename": {
          "version": "1.0.1",
          "bundled": true
        },
        "resolve-from": {
          "version": "2.0.0",
          "bundled": true
        },
        "right-align": {
          "version": "0.1.3",
          "bundled": true,
          "optional": true
        },
        "rimraf": {
          "version": "2.6.2",
          "bundled": true
        },
        "semver": {
          "version": "5.4.1",
          "bundled": true
        },
        "set-blocking": {
          "version": "2.0.0",
          "bundled": true
        },
        "shebang-command": {
          "version": "1.2.0",
          "bundled": true
        },
        "shebang-regex": {
          "version": "1.0.0",
          "bundled": true
        },
        "signal-exit": {
          "version": "3.0.2",
          "bundled": true
        },
        "slide": {
          "version": "1.1.6",
          "bundled": true
        },
        "source-map": {
          "version": "0.5.7",
          "bundled": true
        },
        "spawn-wrap": {
          "version": "1.4.2",
          "bundled": true
        },
        "spdx-correct": {
          "version": "1.0.2",
          "bundled": true
        },
        "spdx-expression-parse": {
          "version": "1.0.4",
          "bundled": true
        },
        "spdx-license-ids": {
          "version": "1.2.2",
          "bundled": true
        },
        "string-width": {
          "version": "2.1.1",
          "bundled": true,
          "dependencies": {
            "ansi-regex": {
              "version": "3.0.0",
              "bundled": true
            },
            "is-fullwidth-code-point": {
              "version": "2.0.0",
              "bundled": true
            },
            "strip-ansi": {
              "version": "4.0.0",
              "bundled": true
            }
          }
        },
        "strip-ansi": {
          "version": "3.0.1",
          "bundled": true
        },
        "strip-bom": {
          "version": "2.0.0",
          "bundled": true
        },
        "strip-eof": {
          "version": "1.0.0",
          "bundled": true
        },
        "supports-color": {
          "version": "2.0.0",
          "bundled": true
        },
        "test-exclude": {
          "version": "4.1.1",
          "bundled": true
        },
        "to-fast-properties": {
          "version": "1.0.3",
          "bundled": true
        },
        "trim-right": {
          "version": "1.0.1",
          "bundled": true
        },
        "uglify-js": {
          "version": "2.8.29",
          "bundled": true,
          "optional": true,
          "dependencies": {
            "yargs": {
              "version": "3.10.0",
              "bundled": true,
              "optional": true
            }
          }
        },
        "uglify-to-browserify": {
          "version": "1.0.2",
          "bundled": true,
          "optional": true
        },
        "validate-npm-package-license": {
          "version": "3.0.1",
          "bundled": true
        },
        "which": {
          "version": "1.3.0",
          "bundled": true
        },
        "which-module": {
          "version": "2.0.0",
          "bundled": true
        },
        "window-size": {
          "version": "0.1.0",
          "bundled": true,
          "optional": true
        },
        "wordwrap": {
          "version": "0.0.3",
          "bundled": true
        },
        "wrap-ansi": {
          "version": "2.1.0",
          "bundled": true,
          "dependencies": {
            "string-width": {
              "version": "1.0.2",
              "bundled": true
            }
          }
        },
        "wrappy": {
          "version": "1.0.2",
          "bundled": true
        },
        "write-file-atomic": {
          "version": "1.3.4",
          "bundled": true
        },
        "y18n": {
          "version": "3.2.1",
          "bundled": true
        },
        "yallist": {
          "version": "2.1.2",
          "bundled": true
        },
        "yargs": {
          "version": "10.0.3",
          "bundled": true,
          "dependencies": {
            "cliui": {
              "version": "3.2.0",
              "bundled": true,
              "dependencies": {
                "string-width": {
                  "version": "1.0.2",
                  "bundled": true
                }
              }
            }
          }
        },
        "yargs-parser": {
          "version": "8.0.0",
          "bundled": true,
          "dependencies": {
            "camelcase": {
              "version": "4.1.0",
              "bundled": true
            }
          }
        }
      }
    },
    "once": {
      "version": "1.4.0",
      "resolved": "https://registry.npmjs.org/once/-/once-1.4.0.tgz",
      "integrity": "sha1-WDsap3WWHUsROsF9nFC6753Xa9E="
    },
    "path-is-absolute": {
      "version": "1.0.1",
      "resolved": "https://registry.npmjs.org/path-is-absolute/-/path-is-absolute-1.0.1.tgz",
      "integrity": "sha1-F0uSaHNVNP+8es5r9TpanhtcX18="
    },
    "path-to-regexp": {
      "version": "1.7.0",
      "resolved": "https://registry.npmjs.org/path-to-regexp/-/path-to-regexp-1.7.0.tgz",
      "integrity": "sha1-Wf3g9DW62suhA6hOnTvGTpa5k30="
    },
    "pathval": {
      "version": "1.1.0",
      "resolved": "https://registry.npmjs.org/pathval/-/pathval-1.1.0.tgz",
      "integrity": "sha1-uULm1L3mUwBe9rcTYd74cn0GReA="
    },
    "safe-buffer": {
      "version": "5.1.1",
      "resolved": "https://registry.npmjs.org/safe-buffer/-/safe-buffer-5.1.1.tgz",
      "integrity": "sha512-kKvNJn6Mm93gAczWVJg7wH+wGYWNrDHdWvpUmHyEsgCtIwwo3bqPtV4tR5tuPaUhTOo/kvhVwd8XwwOllGYkbg=="
    },
    "samsam": {
      "version": "1.3.0",
      "resolved": "https://registry.npmjs.org/samsam/-/samsam-1.3.0.tgz",
      "integrity": "sha512-1HwIYD/8UlOtFS3QO3w7ey+SdSDFE4HRNLZoZRYVQefrOY3l17epswImeB1ijgJFQJodIaHcwkp3r/myBjFVbg=="
    },
    "semver": {
      "version": "5.5.0",
      "resolved": "https://registry.npmjs.org/semver/-/semver-5.5.0.tgz",
      "integrity": "sha512-4SJ3dm0WAwWy/NVeioZh5AntkdJoWKxHxcmyP622fOkgHa4z3R0TdBJICINyaSDE6uNwVc8gZr+ZinwZAH4xIA=="
    },
    "sinon": {
      "version": "4.2.2",
      "resolved": "https://registry.npmjs.org/sinon/-/sinon-4.2.2.tgz",
      "integrity": "sha512-BEa593xl+IkIc94nKo0O0LauQC/gQy8Gyv4DkzPwF/9DweC5phr1y+42zibCpn9abfkdHxt9r8AhD0R6u9DE/Q==",
      "dependencies": {
        "supports-color": {
          "version": "5.1.0",
          "resolved": "https://registry.npmjs.org/supports-color/-/supports-color-5.1.0.tgz",
          "integrity": "sha512-Ry0AwkoKjDpVKK4sV4h6o3UJmNRbjYm2uXhwfj3J56lMVdvnUNqzQVRztOOMGQ++w1K/TjNDFvpJk0F/LoeBCQ=="
        }
      }
    },
    "supports-color": {
      "version": "4.4.0",
      "resolved": "https://registry.npmjs.org/supports-color/-/supports-color-4.4.0.tgz",
      "integrity": "sha512-rKC3+DyXWgK0ZLKwmRsrkyHVZAjNkfzeehuFWdGGcqGDTZFH73+RH6S/RDAAxl9GusSjZSUWYLmT9N5pzXFOXQ=="
    },
    "text-encoding": {
      "version": "0.6.4",
      "resolved": "https://registry.npmjs.org/text-encoding/-/text-encoding-0.6.4.tgz",
      "integrity": "sha1-45mpgiV6J22uQou5KEXLcb3CbRk="
    },
    "type-detect": {
      "version": "4.0.7",
      "resolved": "https://registry.npmjs.org/type-detect/-/type-detect-4.0.7.tgz",
      "integrity": "sha512-4Rh17pAMVdMWzktddFhISRnUnFIStObtUMNGzDwlA6w/77bmGv3aBbRdCmQR6IjzfkTo9otnW+2K/cDRhKSxDA=="
    },
    "ultron": {
      "version": "1.1.0",
      "resolved": "https://registry.npmjs.org/ultron/-/ultron-1.1.0.tgz",
      "integrity": "sha1-sHoualQagV/Go0zNRTO67DB8qGQ="
    },
    "underscore": {
      "version": "1.8.3",
      "resolved": "https://registry.npmjs.org/underscore/-/underscore-1.8.3.tgz",
      "integrity": "sha1-Tz+1OxBuYJf8+ctBCfKl6b36UCI="
    },
    "wrappy": {
      "version": "1.0.2",
      "resolved": "https://registry.npmjs.org/wrappy/-/wrappy-1.0.2.tgz",
      "integrity": "sha1-tSQ9jz7BqjXxNkYFvA0QNuMKtp8="
    },
    "ws": {
      "version": "3.1.0",
      "resolved": "https://registry.npmjs.org/ws/-/ws-3.1.0.tgz",
      "integrity": "sha512-TU4/qKFlyQFqNITNWiqPCUY9GqlAhEotlzfcZcve6VT1YEngQl1dDMqwQQS3eMYruJ5r/UD3lcsWib6iVMDGDw=="
    }
  }
}
